
Microsoft Visual Studio Solution File, Format Version 12.00
# Visual Studio Version 17
VisualStudioVersion = 17.0.32112.339
MinimumVisualStudioVersion = 10.0.40219.1
Project("{9A19103F-16F7-4668-BE54-9A1E7A4F7556}") = "EVideoPrime.API.DAL", "EVideoPrime.API.DAL\EVideoPrime.API.DAL.csproj", "{403A9793-860E-45DE-A76A-DD9D605633C9}"
	ProjectSection(ProjectDependencies) = postProject
		{7DF91AC7-E7D2-4303-9804-12368993B28F} = {7DF91AC7-E7D2-4303-9804-12368993B28F}
	EndProjectSection
EndProject
Project("{9A19103F-16F7-4668-BE54-9A1E7A4F7556}") = "EVideoPrime.API.Abstractions", "EVideoPrime.API.Abstractions\EVideoPrime.API.Abstractions.csproj", "{7DF91AC7-E7D2-4303-9804-12368993B28F}"
EndProject
Project("{9A19103F-16F7-4668-BE54-9A1E7A4F7556}") = "EVideoPrime.API.Repository", "EVideoPrime.API.Repository\EVideoPrime.API.Repository.csproj", "{9B340DE7-43AA-4BB0-8753-255C0107994C}"
EndProject
Project("{9A19103F-16F7-4668-BE54-9A1E7A4F7556}") = "EVideoPrime.API", "EVideoPrime.API\EVideoPrime.API.csproj", "{0F13E512-1315-4AF4-85EF-B0F867DC80E8}"
EndProject
Project("{9A19103F-16F7-4668-BE54-9A1E7A4F7556}") = "EVideoPrime.API.Entities", "EVideoPrime.API.Entities\EVideoPrime.API.Entities.csproj", "{764969B9-F15A-4D41-B47C-CC2DCA387BB3}"
EndProject
Project("{FAE04EC0-301F-11D3-BF4B-00C04F79EFBC}") = "EVideoPrime.API.BusinessAccessLayer", "EVideoPrime.API.BusinessAccessLayer\EVideoPrime.API.BusinessAccessLayer.csproj", "{ABC81F32-54DC-41AA-B06D-DE17661522C1}"
EndProject
Global
	GlobalSection(SolutionConfigurationPlatforms) = preSolution
		Debug|Any CPU = Debug|Any CPU
		Release|Any CPU = Release|Any CPU
	EndGlobalSection
	GlobalSection(ProjectConfigurationPlatforms) = postSolution
		{403A9793-860E-45DE-A76A-DD9D605633C9}.Debug|Any CPU.ActiveCfg = Debug|Any CPU
		{403A9793-860E-45DE-A76A-DD9D605633C9}.Debug|Any CPU.Build.0 = Debug|Any CPU
		{403A9793-860E-45DE-A76A-DD9D605633C9}.Release|Any CPU.ActiveCfg = Release|Any CPU
		{403A9793-860E-45DE-A76A-DD9D605633C9}.Release|Any CPU.Build.0 = Release|Any CPU
		{7DF91AC7-E7D2-4303-9804-12368993B28F}.Debug|Any CPU.ActiveCfg = Debug|Any CPU
		{7DF91AC7-E7D2-4303-9804-12368993B28F}.Debug|Any CPU.Build.0 = Debug|Any CPU
		{7DF91AC7-E7D2-4303-9804-12368993B28F}.Release|Any CPU.ActiveCfg = Release|Any CPU
		{7DF91AC7-E7D2-4303-9804-12368993B28F}.Release|Any CPU.Build.0 = Release|Any CPU
		{9B340DE7-43AA-4BB0-8753-255C0107994C}.Debug|Any CPU.ActiveCfg = Debug|Any CPU
		{9B340DE7-43AA-4BB0-8753-255C0107994C}.Debug|Any CPU.Build.0 = Debug|Any CPU
		{9B340DE7-43AA-4BB0-8753-255C0107994C}.Release|Any CPU.ActiveCfg = Release|Any CPU
		{9B340DE7-43AA-4BB0-8753-255C0107994C}.Release|Any CPU.Build.0 = Release|Any CPU
		{0F13E512-1315-4AF4-85EF-B0F867DC80E8}.Debug|Any CPU.ActiveCfg = Debug|Any CPU
		{0F13E512-1315-4AF4-85EF-B0F867DC80E8}.Debug|Any CPU.Build.0 = Debug|Any CPU
		{0F13E512-1315-4AF4-85EF-B0F867DC80E8}.Release|Any CPU.ActiveCfg = Release|Any CPU
		{0F13E512-1315-4AF4-85EF-B0F867DC80E8}.Release|Any CPU.Build.0 = Release|Any CPU
		{764969B9-F15A-4D41-B47C-CC2DCA387BB3}.Debug|Any CPU.ActiveCfg = Debug|Any CPU
		{764969B9-F15A-4D41-B47C-CC2DCA387BB3}.Debug|Any CPU.Build.0 = Debug|Any CPU
		{764969B9-F15A-4D41-B47C-CC2DCA387BB3}.Release|Any CPU.ActiveCfg = Release|Any CPU
		{764969B9-F15A-4D41-B47C-CC2DCA387BB3}.Release|Any CPU.Build.0 = Release|Any CPU
		{ABC81F32-54DC-41AA-B06D-DE17661522C1}.Debug|Any CPU.ActiveCfg = Debug|Any CPU
		{ABC81F32-54DC-41AA-B06D-DE17661522C1}.Debug|Any CPU.Build.0 = Debug|Any CPU
		{ABC81F32-54DC-41AA-B06D-DE17661522C1}.Release|Any CPU.ActiveCfg = Release|Any CPU
		{ABC81F32-54DC-41AA-B06D-DE17661522C1}.Release|Any CPU.Build.0 = Release|Any CPU
	EndGlobalSection
	GlobalSection(SolutionProperties) = preSolution
		HideSolutionNode = FALSE
	EndGlobalSection
	GlobalSection(ExtensibilityGlobals) = postSolution
		SolutionGuid = {03F68888-8778-4BEF-A140-A395059905E2}
	EndGlobalSection
EndGlobal
